{
  "name": "exifgc",
  "version": "1.0.0",
  "lockfileVersion": 1,
  "requires": true,
  "dependencies": {
    "exifr": {
      "version": "5.0.3",
      "resolved": "https://registry.npmjs.org/exifr/-/exifr-5.0.3.tgz",
      "integrity": "sha512-vC90Lop0cBj5k9V18qHV6lzf/O1lWOlcHXn9r0Ueh4bTZnr+HV4QKFXPSR1v87sq6BBTFAgXrF/ZfeWBAwBcFQ=="
    },
    "minimist": {
      "version": "1.2.5",
      "resolved": "https://registry.npmjs.org/minimist/-/minimist-1.2.5.tgz",
      "integrity": "sha512-FM9nNUYrRBAELZQT3xeZQ7fmMOBg6nWNmJKTcgsJeaLstP/UODVpGsr5OhXhhXg6f+qtJ8uiZ+PUxkDWcgIXLw=="
    }
  }
}
